<?xml version="1.0" encoding="UTF-8" standalone="yes" ?>
<CodeBlocks_project_file>
   <FileVersion major="1" minor="6" />
   <Project>
      <Option title="mra" />
      <Option makefile_is_custom="1" />
      <Option compiler="gcc" />
      <Option virtualFolders="CMake Files\;" />
      <Build>
      <Target title="all">
         <Option working_dir="C:/baremetal/scripts" />
         <Option type="4" />
         <MakeCommands>
            <Build command="C:/mingw/bin/mingw32-make.exe -f &quot;C:/baremetal/scripts/Makefile&quot;  VERBOSE=1 all" />
            <CompileFile command="C:/mingw/bin/mingw32-make.exe -f &quot;C:/baremetal/scripts/Makefile&quot;  VERBOSE=1 &quot;$file&quot;" />
            <Clean command="C:/mingw/bin/mingw32-make.exe -f &quot;C:/baremetal/scripts/Makefile&quot;  VERBOSE=1 clean" />
            <DistClean command="C:/mingw/bin/mingw32-make.exe -f &quot;C:/baremetal/scripts/Makefile&quot;  VERBOSE=1 clean" />
         </MakeCommands>
      </Target>
      <Target title="edit_cache">
         <Option working_dir="C:/baremetal/scripts" />
         <Option type="4" />
         <MakeCommands>
            <Build command="C:/mingw/bin/mingw32-make.exe -f &quot;C:/baremetal/scripts/Makefile&quot;  VERBOSE=1 edit_cache" />
            <CompileFile command="C:/mingw/bin/mingw32-make.exe -f &quot;C:/baremetal/scripts/Makefile&quot;  VERBOSE=1 &quot;$file&quot;" />
            <Clean command="C:/mingw/bin/mingw32-make.exe -f &quot;C:/baremetal/scripts/Makefile&quot;  VERBOSE=1 clean" />
            <DistClean command="C:/mingw/bin/mingw32-make.exe -f &quot;C:/baremetal/scripts/Makefile&quot;  VERBOSE=1 clean" />
         </MakeCommands>
      </Target>
      <Target title="mra-flash-slave">
         <Option output="C:/baremetal/scripts/mra-flash-slave" prefix_auto="0" extension_auto="0" />
         <Option working_dir="C:/baremetal/scripts" />
         <Option object_output="./" />
         <Option type="1" />
         <Option compiler="gcc" />
         <Compiler>
            <Add option="-DRPI2=1" />
            <Add directory="c:\baremetal\5.3 2016q1\bin\../lib/gcc/arm-none-eabi/5.3.1/../../../../arm-none-eabi/include" />
            <Add directory="c:\baremetal\5.3 2016q1\bin\../lib/gcc/arm-none-eabi/5.3.1/include" />
            <Add directory="c:\baremetal\5.3 2016q1\bin\../lib/gcc/arm-none-eabi/5.3.1/include-fixed" />
         </Compiler>
         <MakeCommands>
            <Build command="C:/mingw/bin/mingw32-make.exe -f &quot;C:/baremetal/scripts/Makefile&quot;  VERBOSE=1 mra-flash-slave" />
            <CompileFile command="C:/mingw/bin/mingw32-make.exe -f &quot;C:/baremetal/scripts/Makefile&quot;  VERBOSE=1 &quot;$file&quot;" />
            <Clean command="C:/mingw/bin/mingw32-make.exe -f &quot;C:/baremetal/scripts/Makefile&quot;  VERBOSE=1 clean" />
            <DistClean command="C:/mingw/bin/mingw32-make.exe -f &quot;C:/baremetal/scripts/Makefile&quot;  VERBOSE=1 clean" />
         </MakeCommands>
      </Target>
      <Target title="mra-flash-slave/fast">
         <Option output="C:/baremetal/scripts/mra-flash-slave" prefix_auto="0" extension_auto="0" />
         <Option working_dir="C:/baremetal/scripts" />
         <Option object_output="./" />
         <Option type="1" />
         <Option compiler="gcc" />
         <Compiler>
            <Add option="-DRPI2=1" />
            <Add directory="c:\baremetal\5.3 2016q1\bin\../lib/gcc/arm-none-eabi/5.3.1/../../../../arm-none-eabi/include" />
            <Add directory="c:\baremetal\5.3 2016q1\bin\../lib/gcc/arm-none-eabi/5.3.1/include" />
            <Add directory="c:\baremetal\5.3 2016q1\bin\../lib/gcc/arm-none-eabi/5.3.1/include-fixed" />
         </Compiler>
         <MakeCommands>
            <Build command="C:/mingw/bin/mingw32-make.exe -f &quot;C:/baremetal/scripts/Makefile&quot;  VERBOSE=1 mra-flash-slave/fast" />
            <CompileFile command="C:/mingw/bin/mingw32-make.exe -f &quot;C:/baremetal/scripts/Makefile&quot;  VERBOSE=1 &quot;$file&quot;" />
            <Clean command="C:/mingw/bin/mingw32-make.exe -f &quot;C:/baremetal/scripts/Makefile&quot;  VERBOSE=1 clean" />
            <DistClean command="C:/mingw/bin/mingw32-make.exe -f &quot;C:/baremetal/scripts/Makefile&quot;  VERBOSE=1 clean" />
         </MakeCommands>
      </Target>
      <Target title="rebuild_cache">
         <Option working_dir="C:/baremetal/scripts" />
         <Option type="4" />
         <MakeCommands>
            <Build command="C:/mingw/bin/mingw32-make.exe -f &quot;C:/baremetal/scripts/Makefile&quot;  VERBOSE=1 rebuild_cache" />
            <CompileFile command="C:/mingw/bin/mingw32-make.exe -f &quot;C:/baremetal/scripts/Makefile&quot;  VERBOSE=1 &quot;$file&quot;" />
            <Clean command="C:/mingw/bin/mingw32-make.exe -f &quot;C:/baremetal/scripts/Makefile&quot;  VERBOSE=1 clean" />
            <DistClean command="C:/mingw/bin/mingw32-make.exe -f &quot;C:/baremetal/scripts/Makefile&quot;  VERBOSE=1 clean" />
         </MakeCommands>
      </Target>
      </Build>
      <Unit filename="C:/baremetal/arm-cstubs.c">
         <Option target="mra-flash-slave"/>
      </Unit>
      <Unit filename="C:/baremetal/arm-start.c">
         <Option target="mra-flash-slave"/>
      </Unit>
      <Unit filename="C:/baremetal/arm-start.s">
         <Option target="mra-flash-slave"/>
      </Unit>
      <Unit filename="C:/baremetal/mra-flash-slave.c">
         <Option target="mra-flash-slave"/>
      </Unit>
      <Unit filename="C:/baremetal/mra-spi.c">
         <Option target="mra-flash-slave"/>
      </Unit>
      <Unit filename="C:/baremetal/mra-spi.h">
         <Option target="mra-flash-slave"/>
      </Unit>
      <Unit filename="C:/baremetal/rpi-systimer.c">
         <Option target="mra-flash-slave"/>
      </Unit>
      <Unit filename="C:/baremetal/rpi-systimer.h">
         <Option target="mra-flash-slave"/>
      </Unit>
      <Unit filename="C:/baremetal/tfp-printf.c">
         <Option target="mra-flash-slave"/>
      </Unit>
      <Unit filename="C:/baremetal/tfp-printf.h">
         <Option target="mra-flash-slave"/>
      </Unit>
      <Unit filename="C:/baremetal/CMakeLists.txt">
          <Option virtualFolder="CMake Files\" />
      </Unit>
      <Unit filename="C:/baremetal/toolchain-arm-none-eabi-rpi2.cmake">
          <Option virtualFolder="CMake Files\" />
      </Unit>
   </Project>
</CodeBlocks_project_file>
